
Microsoft Visual Studio Solution File, Format Version 12.00
# Visual Studio Version 17
VisualStudioVersion = 17.2.32519.379
MinimumVisualStudioVersion = 10.0.40219.1
Project("{FAE04EC0-301F-11D3-BF4B-00C04F79EFBC}") = "degree_to_radyan_gradyan", "degree_to_radyan_gradyan\degree_to_radyan_gradyan.csproj", "{97625ACA-DD09-46F0-B776-9424C190EFAB}"
EndProject
Global
	GlobalSection(SolutionConfigurationPlatforms) = preSolution
		Debug|Any CPU = Debug|Any CPU
		Release|Any CPU = Release|Any CPU
	EndGlobalSection
	GlobalSection(ProjectConfigurationPlatforms) = postSolution
		{97625ACA-DD09-46F0-B776-9424C190EFAB}.Debug|Any CPU.ActiveCfg = Debug|Any CPU
		{97625ACA-DD09-46F0-B776-9424C190EFAB}.Debug|Any CPU.Build.0 = Debug|Any CPU
		{97625ACA-DD09-46F0-B776-9424C190EFAB}.Release|Any CPU.ActiveCfg = Release|Any CPU
		{97625ACA-DD09-46F0-B776-9424C190EFAB}.Release|Any CPU.Build.0 = Release|Any CPU
	EndGlobalSection
	GlobalSection(SolutionProperties) = preSolution
		HideSolutionNode = FALSE
	EndGlobalSection
	GlobalSection(ExtensibilityGlobals) = postSolution
		SolutionGuid = {05723C5B-9166-489F-97C3-F0D758F689C6}
	EndGlobalSection
EndGlobal
