
Microsoft Visual Studio Solution File, Format Version 12.00
# Visual Studio Version 17
VisualStudioVersion = 17.2.32505.173
MinimumVisualStudioVersion = 10.0.40219.1
Project("{FAE04EC0-301F-11D3-BF4B-00C04F79EFBC}") = "block_level_variable", "block_level_variable\block_level_variable.csproj", "{806B9EF1-3EE4-4869-85EC-AB7C59870C33}"
EndProject
Global
	GlobalSection(SolutionConfigurationPlatforms) = preSolution
		Debug|Any CPU = Debug|Any CPU
		Release|Any CPU = Release|Any CPU
	EndGlobalSection
	GlobalSection(ProjectConfigurationPlatforms) = postSolution
		{806B9EF1-3EE4-4869-85EC-AB7C59870C33}.Debug|Any CPU.ActiveCfg = Debug|Any CPU
		{806B9EF1-3EE4-4869-85EC-AB7C59870C33}.Debug|Any CPU.Build.0 = Debug|Any CPU
		{806B9EF1-3EE4-4869-85EC-AB7C59870C33}.Release|Any CPU.ActiveCfg = Release|Any CPU
		{806B9EF1-3EE4-4869-85EC-AB7C59870C33}.Release|Any CPU.Build.0 = Release|Any CPU
	EndGlobalSection
	GlobalSection(SolutionProperties) = preSolution
		HideSolutionNode = FALSE
	EndGlobalSection
	GlobalSection(ExtensibilityGlobals) = postSolution
		SolutionGuid = {6B347FD7-66EE-4D5E-965E-945D3B6D04D4}
	EndGlobalSection
EndGlobal
