
Microsoft Visual Studio Solution File, Format Version 12.00
# Visual Studio Version 17
VisualStudioVersion = 17.2.32519.379
MinimumVisualStudioVersion = 10.0.40219.1
Project("{FAE04EC0-301F-11D3-BF4B-00C04F79EFBC}") = "area_of_triangle", "area_of_triangle\area_of_triangle.csproj", "{99A946FA-020A-43D5-A8B4-8BE7C75FAD44}"
EndProject
Global
	GlobalSection(SolutionConfigurationPlatforms) = preSolution
		Debug|Any CPU = Debug|Any CPU
		Release|Any CPU = Release|Any CPU
	EndGlobalSection
	GlobalSection(ProjectConfigurationPlatforms) = postSolution
		{99A946FA-020A-43D5-A8B4-8BE7C75FAD44}.Debug|Any CPU.ActiveCfg = Debug|Any CPU
		{99A946FA-020A-43D5-A8B4-8BE7C75FAD44}.Debug|Any CPU.Build.0 = Debug|Any CPU
		{99A946FA-020A-43D5-A8B4-8BE7C75FAD44}.Release|Any CPU.ActiveCfg = Release|Any CPU
		{99A946FA-020A-43D5-A8B4-8BE7C75FAD44}.Release|Any CPU.Build.0 = Release|Any CPU
	EndGlobalSection
	GlobalSection(SolutionProperties) = preSolution
		HideSolutionNode = FALSE
	EndGlobalSection
	GlobalSection(ExtensibilityGlobals) = postSolution
		SolutionGuid = {C6183589-36E9-43D7-AB13-FC8723839B01}
	EndGlobalSection
EndGlobal
