
Microsoft Visual Studio Solution File, Format Version 12.00
# Visual Studio Version 16
VisualStudioVersion = 16.0.31727.386
MinimumVisualStudioVersion = 10.0.40219.1
Project("{FAE04EC0-301F-11D3-BF4B-00C04F79EFBC}") = "class_level_variable", "class_level_variable.csproj", "{34F3DDBD-8653-4886-AE28-816EA9F187A0}"
EndProject
Global
	GlobalSection(SolutionConfigurationPlatforms) = preSolution
		Debug|Any CPU = Debug|Any CPU
		Release|Any CPU = Release|Any CPU
	EndGlobalSection
	GlobalSection(ProjectConfigurationPlatforms) = postSolution
		{34F3DDBD-8653-4886-AE28-816EA9F187A0}.Debug|Any CPU.ActiveCfg = Debug|Any CPU
		{34F3DDBD-8653-4886-AE28-816EA9F187A0}.Debug|Any CPU.Build.0 = Debug|Any CPU
		{34F3DDBD-8653-4886-AE28-816EA9F187A0}.Release|Any CPU.ActiveCfg = Release|Any CPU
		{34F3DDBD-8653-4886-AE28-816EA9F187A0}.Release|Any CPU.Build.0 = Release|Any CPU
	EndGlobalSection
	GlobalSection(SolutionProperties) = preSolution
		HideSolutionNode = FALSE
	EndGlobalSection
	GlobalSection(ExtensibilityGlobals) = postSolution
		SolutionGuid = {559B96D1-337D-48C8-B38D-0EE21D916616}
	EndGlobalSection
EndGlobal
