
Microsoft Visual Studio Solution File, Format Version 12.00
# Visual Studio Version 17
VisualStudioVersion = 17.2.32505.173
MinimumVisualStudioVersion = 10.0.40219.1
Project("{FAE04EC0-301F-11D3-BF4B-00C04F79EFBC}") = "printing_variables", "printing_variables\printing_variables.csproj", "{5E3D5F88-2710-4484-9655-390DC7A45E60}"
EndProject
Global
	GlobalSection(SolutionConfigurationPlatforms) = preSolution
		Debug|Any CPU = Debug|Any CPU
		Release|Any CPU = Release|Any CPU
	EndGlobalSection
	GlobalSection(ProjectConfigurationPlatforms) = postSolution
		{5E3D5F88-2710-4484-9655-390DC7A45E60}.Debug|Any CPU.ActiveCfg = Debug|Any CPU
		{5E3D5F88-2710-4484-9655-390DC7A45E60}.Debug|Any CPU.Build.0 = Debug|Any CPU
		{5E3D5F88-2710-4484-9655-390DC7A45E60}.Release|Any CPU.ActiveCfg = Release|Any CPU
		{5E3D5F88-2710-4484-9655-390DC7A45E60}.Release|Any CPU.Build.0 = Release|Any CPU
	EndGlobalSection
	GlobalSection(SolutionProperties) = preSolution
		HideSolutionNode = FALSE
	EndGlobalSection
	GlobalSection(ExtensibilityGlobals) = postSolution
		SolutionGuid = {EB64A91B-2873-497A-9A6B-EB34EC92D9F6}
	EndGlobalSection
EndGlobal
