
Microsoft Visual Studio Solution File, Format Version 12.00
# Visual Studio Version 17
VisualStudioVersion = 17.2.32516.85
MinimumVisualStudioVersion = 10.0.40219.1
Project("{FAE04EC0-301F-11D3-BF4B-00C04F79EFBC}") = "outer_block_inner_block_example", "outer_block_inner_block_example\outer_block_inner_block_example.csproj", "{34C94653-E3B8-4772-AE46-EF79472EDDEF}"
EndProject
Global
	GlobalSection(SolutionConfigurationPlatforms) = preSolution
		Debug|Any CPU = Debug|Any CPU
		Release|Any CPU = Release|Any CPU
	EndGlobalSection
	GlobalSection(ProjectConfigurationPlatforms) = postSolution
		{34C94653-E3B8-4772-AE46-EF79472EDDEF}.Debug|Any CPU.ActiveCfg = Debug|Any CPU
		{34C94653-E3B8-4772-AE46-EF79472EDDEF}.Debug|Any CPU.Build.0 = Debug|Any CPU
		{34C94653-E3B8-4772-AE46-EF79472EDDEF}.Release|Any CPU.ActiveCfg = Release|Any CPU
		{34C94653-E3B8-4772-AE46-EF79472EDDEF}.Release|Any CPU.Build.0 = Release|Any CPU
	EndGlobalSection
	GlobalSection(SolutionProperties) = preSolution
		HideSolutionNode = FALSE
	EndGlobalSection
	GlobalSection(ExtensibilityGlobals) = postSolution
		SolutionGuid = {AB1C287C-D52E-4C72-B349-47C210AD3419}
	EndGlobalSection
EndGlobal
