
Microsoft Visual Studio Solution File, Format Version 12.00
# Visual Studio Version 17
VisualStudioVersion = 17.2.32516.85
MinimumVisualStudioVersion = 10.0.40219.1
Project("{9A19103F-16F7-4668-BE54-9A1E7A4F7556}") = "explicitly_conversion", "explicitly_conversion.csproj", "{2D99AD85-9964-4391-B480-F84D3ECCF6BC}"
EndProject
Global
	GlobalSection(SolutionConfigurationPlatforms) = preSolution
		Debug|Any CPU = Debug|Any CPU
		Release|Any CPU = Release|Any CPU
	EndGlobalSection
	GlobalSection(ProjectConfigurationPlatforms) = postSolution
		{2D99AD85-9964-4391-B480-F84D3ECCF6BC}.Debug|Any CPU.ActiveCfg = Debug|Any CPU
		{2D99AD85-9964-4391-B480-F84D3ECCF6BC}.Debug|Any CPU.Build.0 = Debug|Any CPU
		{2D99AD85-9964-4391-B480-F84D3ECCF6BC}.Release|Any CPU.ActiveCfg = Release|Any CPU
		{2D99AD85-9964-4391-B480-F84D3ECCF6BC}.Release|Any CPU.Build.0 = Release|Any CPU
	EndGlobalSection
	GlobalSection(SolutionProperties) = preSolution
		HideSolutionNode = FALSE
	EndGlobalSection
	GlobalSection(ExtensibilityGlobals) = postSolution
		SolutionGuid = {B4CC83C5-B85E-4291-A6CA-D70D83FF13E7}
	EndGlobalSection
EndGlobal
