
Microsoft Visual Studio Solution File, Format Version 12.00
# Visual Studio Version 16
VisualStudioVersion = 16.0.31727.386
MinimumVisualStudioVersion = 10.0.40219.1
Project("{FAE04EC0-301F-11D3-BF4B-00C04F79EFBC}") = "circle_calculation", "circle_calculation.csproj", "{777348FB-8601-427D-B0B5-11BA48F16A5E}"
EndProject
Global
	GlobalSection(SolutionConfigurationPlatforms) = preSolution
		Debug|Any CPU = Debug|Any CPU
		Release|Any CPU = Release|Any CPU
	EndGlobalSection
	GlobalSection(ProjectConfigurationPlatforms) = postSolution
		{777348FB-8601-427D-B0B5-11BA48F16A5E}.Debug|Any CPU.ActiveCfg = Debug|Any CPU
		{777348FB-8601-427D-B0B5-11BA48F16A5E}.Debug|Any CPU.Build.0 = Debug|Any CPU
		{777348FB-8601-427D-B0B5-11BA48F16A5E}.Release|Any CPU.ActiveCfg = Release|Any CPU
		{777348FB-8601-427D-B0B5-11BA48F16A5E}.Release|Any CPU.Build.0 = Release|Any CPU
	EndGlobalSection
	GlobalSection(SolutionProperties) = preSolution
		HideSolutionNode = FALSE
	EndGlobalSection
	GlobalSection(ExtensibilityGlobals) = postSolution
		SolutionGuid = {7A561DE0-FDA7-494B-AC3F-9676EDC714D3}
	EndGlobalSection
EndGlobal
