
Microsoft Visual Studio Solution File, Format Version 12.00
# Visual Studio Version 16
VisualStudioVersion = 16.0.31727.386
MinimumVisualStudioVersion = 10.0.40219.1
Project("{FAE04EC0-301F-11D3-BF4B-00C04F79EFBC}") = "implicit_data_type_conversion", "implicit_data_type_conversion.csproj", "{F3B80748-6B58-40BE-9F6E-B907D563746A}"
EndProject
Global
	GlobalSection(SolutionConfigurationPlatforms) = preSolution
		Debug|Any CPU = Debug|Any CPU
		Release|Any CPU = Release|Any CPU
	EndGlobalSection
	GlobalSection(ProjectConfigurationPlatforms) = postSolution
		{F3B80748-6B58-40BE-9F6E-B907D563746A}.Debug|Any CPU.ActiveCfg = Debug|Any CPU
		{F3B80748-6B58-40BE-9F6E-B907D563746A}.Debug|Any CPU.Build.0 = Debug|Any CPU
		{F3B80748-6B58-40BE-9F6E-B907D563746A}.Release|Any CPU.ActiveCfg = Release|Any CPU
		{F3B80748-6B58-40BE-9F6E-B907D563746A}.Release|Any CPU.Build.0 = Release|Any CPU
	EndGlobalSection
	GlobalSection(SolutionProperties) = preSolution
		HideSolutionNode = FALSE
	EndGlobalSection
	GlobalSection(ExtensibilityGlobals) = postSolution
		SolutionGuid = {98A5C50D-59B7-48FB-831E-449C24BDF595}
	EndGlobalSection
EndGlobal
