
Microsoft Visual Studio Solution File, Format Version 12.00
# Visual Studio Version 17
VisualStudioVersion = 17.2.32519.379
MinimumVisualStudioVersion = 10.0.40219.1
Project("{FAE04EC0-301F-11D3-BF4B-00C04F79EFBC}") = "sum_of_numbers_between_1_and_100", "sum_of_numbers_between_1_and_100\sum_of_numbers_between_1_and_100.csproj", "{B50EDC98-B82B-4E18-9DEE-16564D617045}"
EndProject
Global
	GlobalSection(SolutionConfigurationPlatforms) = preSolution
		Debug|Any CPU = Debug|Any CPU
		Release|Any CPU = Release|Any CPU
	EndGlobalSection
	GlobalSection(ProjectConfigurationPlatforms) = postSolution
		{B50EDC98-B82B-4E18-9DEE-16564D617045}.Debug|Any CPU.ActiveCfg = Debug|Any CPU
		{B50EDC98-B82B-4E18-9DEE-16564D617045}.Debug|Any CPU.Build.0 = Debug|Any CPU
		{B50EDC98-B82B-4E18-9DEE-16564D617045}.Release|Any CPU.ActiveCfg = Release|Any CPU
		{B50EDC98-B82B-4E18-9DEE-16564D617045}.Release|Any CPU.Build.0 = Release|Any CPU
	EndGlobalSection
	GlobalSection(SolutionProperties) = preSolution
		HideSolutionNode = FALSE
	EndGlobalSection
	GlobalSection(ExtensibilityGlobals) = postSolution
		SolutionGuid = {64773F47-1147-4317-B69A-A937AE193919}
	EndGlobalSection
EndGlobal
