
Microsoft Visual Studio Solution File, Format Version 12.00
# Visual Studio Version 17
VisualStudioVersion = 17.2.32519.379
MinimumVisualStudioVersion = 10.0.40219.1
Project("{FAE04EC0-301F-11D3-BF4B-00C04F79EFBC}") = "part_of_area_a_circle", "part_of_area_a_circle\part_of_area_a_circle.csproj", "{A3175206-8899-47E8-9914-6225B7E9AFB7}"
EndProject
Global
	GlobalSection(SolutionConfigurationPlatforms) = preSolution
		Debug|Any CPU = Debug|Any CPU
		Release|Any CPU = Release|Any CPU
	EndGlobalSection
	GlobalSection(ProjectConfigurationPlatforms) = postSolution
		{A3175206-8899-47E8-9914-6225B7E9AFB7}.Debug|Any CPU.ActiveCfg = Debug|Any CPU
		{A3175206-8899-47E8-9914-6225B7E9AFB7}.Debug|Any CPU.Build.0 = Debug|Any CPU
		{A3175206-8899-47E8-9914-6225B7E9AFB7}.Release|Any CPU.ActiveCfg = Release|Any CPU
		{A3175206-8899-47E8-9914-6225B7E9AFB7}.Release|Any CPU.Build.0 = Release|Any CPU
	EndGlobalSection
	GlobalSection(SolutionProperties) = preSolution
		HideSolutionNode = FALSE
	EndGlobalSection
	GlobalSection(ExtensibilityGlobals) = postSolution
		SolutionGuid = {29CBA255-0692-4D54-B552-E50141F5E611}
	EndGlobalSection
EndGlobal
